
Microsoft Visual Studio Solution File, Format Version 12.00
# Visual Studio Version 17
VisualStudioVersion = 17.5.33424.131
MinimumVisualStudioVersion = 10.0.40219.1
Project("{9A19103F-16F7-4668-BE54-9A1E7A4F7556}") = "Mango.Web", "Mango.Web\Mango.Web.csproj", "{B3BF823D-CCA0-4190-B608-05EE5468CC65}"
EndProject
Project("{2150E333-8FDC-42A3-9474-1A3956D46DE8}") = "FrontEnd", "FrontEnd", "{7A84DCFD-143F-45BD-8520-6BD2AED241D3}"
EndProject
Project("{2150E333-8FDC-42A3-9474-1A3956D46DE8}") = "Services", "Services", "{AAE21960-8301-4CAC-A1B8-6A8C68F3375E}"
EndProject
Project("{9A19103F-16F7-4668-BE54-9A1E7A4F7556}") = "Mango.Services.ProductAPI", "Mango.Services.ProductAPI\Mango.Services.ProductAPI.csproj", "{26A20A85-06BF-4514-BCA7-B1010220A5A3}"
EndProject
Project("{9A19103F-16F7-4668-BE54-9A1E7A4F7556}") = "Mango.Service.Identity", "Mango.Service.Identity\Mango.Service.Identity.csproj", "{E3652D94-321F-4828-9D17-7731D26015E1}"
EndProject
Project("{9A19103F-16F7-4668-BE54-9A1E7A4F7556}") = "Mango.Service.ShoppingCartAPI", "Mango.Service.ShoppingCartAPI\Mango.Service.ShoppingCartAPI.csproj", "{5522ACA1-B108-4A1B-95C7-DF7A67107DF5}"
EndProject
Project("{9A19103F-16F7-4668-BE54-9A1E7A4F7556}") = "Mango.Service.CouponAPI", "Mango.Service.CouponAPI\Mango.Service.CouponAPI.csproj", "{304EDCA8-8F03-486D-9CC2-6D649D1C7A74}"
EndProject
Project("{2150E333-8FDC-42A3-9474-1A3956D46DE8}") = "Integration", "Integration", "{C30AC939-40D4-418D-89CD-8A65BD872A7E}"
EndProject
Project("{FAE04EC0-301F-11D3-BF4B-00C04F79EFBC}") = "Mango.MessageBus", "Mango.MessageBus\Mango.MessageBus.csproj", "{C9CBC4D6-A6D9-410E-BB97-4DFDB7657DA7}"
EndProject
Global
	GlobalSection(SolutionConfigurationPlatforms) = preSolution
		Debug|Any CPU = Debug|Any CPU
		Release|Any CPU = Release|Any CPU
	EndGlobalSection
	GlobalSection(ProjectConfigurationPlatforms) = postSolution
		{B3BF823D-CCA0-4190-B608-05EE5468CC65}.Debug|Any CPU.ActiveCfg = Debug|Any CPU
		{B3BF823D-CCA0-4190-B608-05EE5468CC65}.Debug|Any CPU.Build.0 = Debug|Any CPU
		{B3BF823D-CCA0-4190-B608-05EE5468CC65}.Release|Any CPU.ActiveCfg = Release|Any CPU
		{B3BF823D-CCA0-4190-B608-05EE5468CC65}.Release|Any CPU.Build.0 = Release|Any CPU
		{26A20A85-06BF-4514-BCA7-B1010220A5A3}.Debug|Any CPU.ActiveCfg = Debug|Any CPU
		{26A20A85-06BF-4514-BCA7-B1010220A5A3}.Debug|Any CPU.Build.0 = Debug|Any CPU
		{26A20A85-06BF-4514-BCA7-B1010220A5A3}.Release|Any CPU.ActiveCfg = Release|Any CPU
		{26A20A85-06BF-4514-BCA7-B1010220A5A3}.Release|Any CPU.Build.0 = Release|Any CPU
		{E3652D94-321F-4828-9D17-7731D26015E1}.Debug|Any CPU.ActiveCfg = Debug|Any CPU
		{E3652D94-321F-4828-9D17-7731D26015E1}.Debug|Any CPU.Build.0 = Debug|Any CPU
		{E3652D94-321F-4828-9D17-7731D26015E1}.Release|Any CPU.ActiveCfg = Release|Any CPU
		{E3652D94-321F-4828-9D17-7731D26015E1}.Release|Any CPU.Build.0 = Release|Any CPU
		{5522ACA1-B108-4A1B-95C7-DF7A67107DF5}.Debug|Any CPU.ActiveCfg = Debug|Any CPU
		{5522ACA1-B108-4A1B-95C7-DF7A67107DF5}.Debug|Any CPU.Build.0 = Debug|Any CPU
		{5522ACA1-B108-4A1B-95C7-DF7A67107DF5}.Release|Any CPU.ActiveCfg = Release|Any CPU
		{5522ACA1-B108-4A1B-95C7-DF7A67107DF5}.Release|Any CPU.Build.0 = Release|Any CPU
		{304EDCA8-8F03-486D-9CC2-6D649D1C7A74}.Debug|Any CPU.ActiveCfg = Debug|Any CPU
		{304EDCA8-8F03-486D-9CC2-6D649D1C7A74}.Debug|Any CPU.Build.0 = Debug|Any CPU
		{304EDCA8-8F03-486D-9CC2-6D649D1C7A74}.Release|Any CPU.ActiveCfg = Release|Any CPU
		{304EDCA8-8F03-486D-9CC2-6D649D1C7A74}.Release|Any CPU.Build.0 = Release|Any CPU
		{C9CBC4D6-A6D9-410E-BB97-4DFDB7657DA7}.Debug|Any CPU.ActiveCfg = Debug|Any CPU
		{C9CBC4D6-A6D9-410E-BB97-4DFDB7657DA7}.Debug|Any CPU.Build.0 = Debug|Any CPU
		{C9CBC4D6-A6D9-410E-BB97-4DFDB7657DA7}.Release|Any CPU.ActiveCfg = Release|Any CPU
		{C9CBC4D6-A6D9-410E-BB97-4DFDB7657DA7}.Release|Any CPU.Build.0 = Release|Any CPU
	EndGlobalSection
	GlobalSection(SolutionProperties) = preSolution
		HideSolutionNode = FALSE
	EndGlobalSection
	GlobalSection(NestedProjects) = preSolution
		{B3BF823D-CCA0-4190-B608-05EE5468CC65} = {7A84DCFD-143F-45BD-8520-6BD2AED241D3}
		{26A20A85-06BF-4514-BCA7-B1010220A5A3} = {AAE21960-8301-4CAC-A1B8-6A8C68F3375E}
		{E3652D94-321F-4828-9D17-7731D26015E1} = {AAE21960-8301-4CAC-A1B8-6A8C68F3375E}
		{5522ACA1-B108-4A1B-95C7-DF7A67107DF5} = {AAE21960-8301-4CAC-A1B8-6A8C68F3375E}
		{304EDCA8-8F03-486D-9CC2-6D649D1C7A74} = {AAE21960-8301-4CAC-A1B8-6A8C68F3375E}
		{C30AC939-40D4-418D-89CD-8A65BD872A7E} = {7A84DCFD-143F-45BD-8520-6BD2AED241D3}
		{C9CBC4D6-A6D9-410E-BB97-4DFDB7657DA7} = {C30AC939-40D4-418D-89CD-8A65BD872A7E}
	EndGlobalSection
	GlobalSection(ExtensibilityGlobals) = postSolution
		SolutionGuid = {B300A898-7E59-4F34-8E33-2D00AA1AB84A}
	EndGlobalSection
EndGlobal
